// !$*UTF8*$!
{
	archiveVersion = 1;
	classes = {
	};
	objectVersion = 46;
	objects = {

/* Begin PBXBuildFile section */
		1B7CE64E1EC23EB0002DDAE0 /* AppDelegate.swift in Sources */ = {isa = PBXBuildFile; fileRef = 1B7CE64D1EC23EB0002DDAE0 /* AppDelegate.swift */; };
		1B7CE6501EC23EB0002DDAE0 /* GameScene.sks in Resources */ = {isa = PBXBuildFile; fileRef = 1B7CE64F1EC23EB0002DDAE0 /* GameScene.sks */; };
		1B7CE6541EC23EB0002DDAE0 /* GameScene.swift in Sources */ = {isa = PBXBuildFile; fileRef = 1B7CE6531EC23EB0002DDAE0 /* GameScene.swift */; };
		1B7CE6561EC23EB0002DDAE0 /* GameViewController.swift in Sources */ = {isa = PBXBuildFile; fileRef = 1B7CE6551EC23EB0002DDAE0 /* GameViewController.swift */; };
		1B7CE6591EC23EB0002DDAE0 /* Main.storyboard in Resources */ = {isa = PBXBuildFile; fileRef = 1B7CE6571EC23EB0002DDAE0 /* Main.storyboard */; };
		1B7CE65B1EC23EB0002DDAE0 /* Assets.xcassets in Resources */ = {isa = PBXBuildFile; fileRef = 1B7CE65A1EC23EB0002DDAE0 /* Assets.xcassets */; };
		1B7CE65E1EC23EB0002DDAE0 /* LaunchScreen.storyboard in Resources */ = {isa = PBXBuildFile; fileRef = 1B7CE65C1EC23EB0002DDAE0 /* LaunchScreen.storyboard */; };
		1B7CE6661EC23F0E002DDAE0 /* spark.png in Resources */ = {isa = PBXBuildFile; fileRef = 1B7CE6651EC23F0E002DDAE0 /* spark.png */; };
		1B7CE66D1EC23F43002DDAE0 /* coin.wav in Resources */ = {isa = PBXBuildFile; fileRef = 1B7CE6671EC23F43002DDAE0 /* coin.wav */; };
		1B7CE66E1EC23F43002DDAE0 /* explosion.wav in Resources */ = {isa = PBXBuildFile; fileRef = 1B7CE6681EC23F43002DDAE0 /* explosion.wav */; };
		1B7CE6711EC23F43002DDAE0 /* PlayerExplosion.sks in Resources */ = {isa = PBXBuildFile; fileRef = 1B7CE66B1EC23F43002DDAE0 /* PlayerExplosion.sks */; };
		1B7CE6721EC23F43002DDAE0 /* README.txt in Resources */ = {isa = PBXBuildFile; fileRef = 1B7CE66C1EC23F43002DDAE0 /* README.txt */; };
		1B90438C2011285600D593B8 /* music.m4a in Resources */ = {isa = PBXBuildFile; fileRef = 1B90438B2011285600D593B8 /* music.m4a */; };
/* End PBXBuildFile section */

/* Begin PBXFileReference section */
		1B7CE64A1EC23EB0002DDAE0 /* Project36.app */ = {isa = PBXFileReference; explicitFileType = wrapper.application; includeInIndex = 0; path = Project36.app; sourceTree = BUILT_PRODUCTS_DIR; };
		1B7CE64D1EC23EB0002DDAE0 /* AppDelegate.swift */ = {isa = PBXFileReference; lastKnownFileType = sourcecode.swift; path = AppDelegate.swift; sourceTree = "<group>"; };
		1B7CE64F1EC23EB0002DDAE0 /* GameScene.sks */ = {isa = PBXFileReference; lastKnownFileType = file.sks; path = GameScene.sks; sourceTree = "<group>"; };
		1B7CE6531EC23EB0002DDAE0 /* GameScene.swift */ = {isa = PBXFileReference; lastKnownFileType = sourcecode.swift; path = GameScene.swift; sourceTree = "<group>"; };
		1B7CE6551EC23EB0002DDAE0 /* GameViewController.swift */ = {isa = PBXFileReference; lastKnownFileType = sourcecode.swift; path = GameViewController.swift; sourceTree = "<group>"; };
		1B7CE6581EC23EB0002DDAE0 /* Base */ = {isa = PBXFileReference; lastKnownFileType = file.storyboard; name = Base; path = Base.lproj/Main.storyboard; sourceTree = "<group>"; };
		1B7CE65A1EC23EB0002DDAE0 /* Assets.xcassets */ = {isa = PBXFileReference; lastKnownFileType = folder.assetcatalog; path = Assets.xcassets; sourceTree = "<group>"; };
		1B7CE65D1EC23EB0002DDAE0 /* Base */ = {isa = PBXFileReference; lastKnownFileType = file.storyboard; name = Base; path = Base.lproj/LaunchScreen.storyboard; sourceTree = "<group>"; };
		1B7CE65F1EC23EB0002DDAE0 /* Info.plist */ = {isa = PBXFileReference; lastKnownFileType = text.plist.xml; path = Info.plist; sourceTree = "<group>"; };
		1B7CE6651EC23F0E002DDAE0 /* spark.png */ = {isa = PBXFileReference; lastKnownFileType = image.png; name = spark.png; path = ../spark.png; sourceTree = "<group>"; };
		1B7CE6671EC23F43002DDAE0 /* coin.wav */ = {isa = PBXFileReference; lastKnownFileType = audio.wav; name = coin.wav; path = ../coin.wav; sourceTree = "<group>"; };
		1B7CE6681EC23F43002DDAE0 /* explosion.wav */ = {isa = PBXFileReference; lastKnownFileType = audio.wav; name = explosion.wav; path = ../explosion.wav; sourceTree = "<group>"; };
		1B7CE66B1EC23F43002DDAE0 /* PlayerExplosion.sks */ = {isa = PBXFileReference; lastKnownFileType = file.sks; name = PlayerExplosion.sks; path = ../PlayerExplosion.sks; sourceTree = "<group>"; };
		1B7CE66C1EC23F43002DDAE0 /* README.txt */ = {isa = PBXFileReference; fileEncoding = 4; lastKnownFileType = text; name = README.txt; path = ../README.txt; sourceTree = "<group>"; };
		1B90438B2011285600D593B8 /* music.m4a */ = {isa = PBXFileReference; lastKnownFileType = file; path = music.m4a; sourceTree = "<group>"; };
/* End PBXFileReference section */

/* Begin PBXFrameworksBuildPhase section */
		1B7CE6471EC23EB0002DDAE0 /* Frameworks */ = {
			isa = PBXFrameworksBuildPhase;
			buildActionMask = 2147483647;
			files = (
			);
			runOnlyForDeploymentPostprocessing = 0;
		};
/* End PBXFrameworksBuildPhase section */

/* Begin PBXGroup section */
		1B7CE6411EC23EB0002DDAE0 = {
			isa = PBXGroup;
			children = (
				1B7CE64C1EC23EB0002DDAE0 /* Project36 */,
				1B7CE64B1EC23EB0002DDAE0 /* Products */,
			);
			sourceTree = "<group>";
		};
		1B7CE64B1EC23EB0002DDAE0 /* Products */ = {
			isa = PBXGroup;
			children = (
				1B7CE64A1EC23EB0002DDAE0 /* Project36.app */,
			);
			name = Products;
			sourceTree = "<group>";
		};
		1B7CE64C1EC23EB0002DDAE0 /* Project36 */ = {
			isa = PBXGroup;
			children = (
				1B7CE6731EC24533002DDAE0 /* Content */,
				1B7CE64D1EC23EB0002DDAE0 /* AppDelegate.swift */,
				1B7CE64F1EC23EB0002DDAE0 /* GameScene.sks */,
				1B7CE6531EC23EB0002DDAE0 /* GameScene.swift */,
				1B7CE6551EC23EB0002DDAE0 /* GameViewController.swift */,
				1B7CE6571EC23EB0002DDAE0 /* Main.storyboard */,
				1B7CE65A1EC23EB0002DDAE0 /* Assets.xcassets */,
				1B7CE65C1EC23EB0002DDAE0 /* LaunchScreen.storyboard */,
				1B7CE65F1EC23EB0002DDAE0 /* Info.plist */,
			);
			path = Project36;
			sourceTree = "<group>";
		};
		1B7CE6731EC24533002DDAE0 /* Content */ = {
			isa = PBXGroup;
			children = (
				1B7CE6651EC23F0E002DDAE0 /* spark.png */,
				1B7CE6671EC23F43002DDAE0 /* coin.wav */,
				1B90438B2011285600D593B8 /* music.m4a */,
				1B7CE6681EC23F43002DDAE0 /* explosion.wav */,
				1B7CE66B1EC23F43002DDAE0 /* PlayerExplosion.sks */,
				1B7CE66C1EC23F43002DDAE0 /* README.txt */,
			);
			name = Content;
			sourceTree = "<group>";
		};
/* End PBXGroup section */

/* Begin PBXNativeTarget section */
		1B7CE6491EC23EB0002DDAE0 /* Project36 */ = {
			isa = PBXNativeTarget;
			buildConfigurationList = 1B7CE6621EC23EB0002DDAE0 /* Build configuration list for PBXNativeTarget "Project36" */;
			buildPhases = (
				1B7CE6461EC23EB0002DDAE0 /* Sources */,
				1B7CE6471EC23EB0002DDAE0 /* Frameworks */,
				1B7CE6481EC23EB0002DDAE0 /* Resources */,
			);
			buildRules = (
			);
			dependencies = (
			);
			name = Project36;
			productName = Project36;
			productReference = 1B7CE64A1EC23EB0002DDAE0 /* Project36.app */;
			productType = "com.apple.product-type.application";
		};
/* End PBXNativeTarget section */

/* Begin PBXProject section */
		1B7CE6421EC23EB0002DDAE0 /* Project object */ = {
			isa = PBXProject;
			attributes = {
				LastSwiftUpdateCheck = 0830;
				LastUpgradeCheck = 0920;
				ORGANIZATIONNAME = "RYAN ROSELLO";
				TargetAttributes = {
					1B7CE6491EC23EB0002DDAE0 = {
						CreatedOnToolsVersion = 8.3.2;
						DevelopmentTeam = F65NY3FY34;
						ProvisioningStyle = Automatic;
					};
				};
			};
			buildConfigurationList = 1B7CE6451EC23EB0002DDAE0 /* Build configuration list for PBXProject "Project36" */;
			compatibilityVersion = "Xcode 3.2";
			developmentRegion = English;
			hasScannedForEncodings = 0;
			knownRegions = (
				en,
				Base,
			);
			mainGroup = 1B7CE6411EC23EB0002DDAE0;
			productRefGroup = 1B7CE64B1EC23EB0002DDAE0 /* Products */;
			projectDirPath = "";
			projectRoot = "";
			targets = (
				1B7CE6491EC23EB0002DDAE0 /* Project36 */,
			);
		};
/* End PBXProject section */

/* Begin PBXResourcesBuildPhase section */
		1B7CE6481EC23EB0002DDAE0 /* Resources */ = {
			isa = PBXResourcesBuildPhase;
			buildActionMask = 2147483647;
			files = (
				1B7CE6591EC23EB0002DDAE0 /* Main.storyboard in Resources */,
				1B7CE66D1EC23F43002DDAE0 /* coin.wav in Resources */,
				1B7CE66E1EC23F43002DDAE0 /* explosion.wav in Resources */,
				1B7CE6661EC23F0E002DDAE0 /* spark.png in Resources */,
				1B7CE6501EC23EB0002DDAE0 /* GameScene.sks in Resources */,
				1B7CE6711EC23F43002DDAE0 /* PlayerExplosion.sks in Resources */,
				1B7CE65B1EC23EB0002DDAE0 /* Assets.xcassets in Resources */,
				1B7CE65E1EC23EB0002DDAE0 /* LaunchScreen.storyboard in Resources */,
				1B90438C2011285600D593B8 /* music.m4a in Resources */,
				1B7CE6721EC23F43002DDAE0 /* README.txt in Resources */,
			);
			runOnlyForDeploymentPostprocessing = 0;
		};
/* End PBXResourcesBuildPhase section */

/* Begin PBXSourcesBuildPhase section */
		1B7CE6461EC23EB0002DDAE0 /* Sources */ = {
			isa = PBXSourcesBuildPhase;
			buildActionMask = 2147483647;
			files = (
				1B7CE6541EC23EB0002DDAE0 /* GameScene.swift in Sources */,
				1B7CE6561EC23EB0002DDAE0 /* GameViewController.swift in Sources */,
				1B7CE64E1EC23EB0002DDAE0 /* AppDelegate.swift in Sources */,
			);
			runOnlyForDeploymentPostprocessing = 0;
		};
/* End PBXSourcesBuildPhase section */

/* Begin PBXVariantGroup section */
		1B7CE6571EC23EB0002DDAE0 /* Main.storyboard */ = {
			isa = PBXVariantGroup;
			children = (
				1B7CE6581EC23EB0002DDAE0 /* Base */,
			);
			name = Main.storyboard;
			sourceTree = "<group>";
		};
		1B7CE65C1EC23EB0002DDAE0 /* LaunchScreen.storyboard */ = {
			isa = PBXVariantGroup;
			children = (
				1B7CE65D1EC23EB0002DDAE0 /* Base */,
			);
			name = LaunchScreen.storyboard;
			sourceTree = "<group>";
		};
/* End PBXVariantGroup section */

/* Begin XCBuildConfiguration section */
		1B7CE6601EC23EB0002DDAE0 /* Debug */ = {
			isa = XCBuildConfiguration;
			buildSettings = {
				ALWAYS_SEARCH_USER_PATHS = NO;
				CLANG_ANALYZER_NONNULL = YES;
				CLANG_ANALYZER_NUMBER_OBJECT_CONVERSION = YES_AGGRESSIVE;
				CLANG_CXX_LANGUAGE_STANDARD = "gnu++0x";
				CLANG_CXX_LIBRARY = "libc++";
				CLANG_ENABLE_MODULES = YES;
				CLANG_ENABLE_OBJC_ARC = YES;
				CLANG_WARN_BLOCK_CAPTURE_AUTORELEASING = YES;
				CLANG_WARN_BOOL_CONVERSION = YES;
				CLANG_WARN_COMMA = YES;
				CLANG_WARN_CONSTANT_CONVERSION = YES;
				CLANG_WARN_DIRECT_OBJC_ISA_USAGE = YES_ERROR;
				CLANG_WARN_DOCUMENTATION_COMMENTS = YES;
				CLANG_WARN_EMPTY_BODY = YES;
				CLANG_WARN_ENUM_CONVERSION = YES;
				CLANG_WARN_INFINITE_RECURSION = YES;
				CLANG_WARN_INT_CONVERSION = YES;
				CLANG_WARN_NON_LITERAL_NULL_CONVERSION = YES;
				CLANG_WARN_OBJC_LITERAL_CONVERSION = YES;
				CLANG_WARN_OBJC_ROOT_CLASS = YES_ERROR;
				CLANG_WARN_RANGE_LOOP_ANALYSIS = YES;
				CLANG_WARN_STRICT_PROTOTYPES = YES;
				CLANG_WARN_SUSPICIOUS_MOVE = YES;
				CLANG_WARN_UNREACHABLE_CODE = YES;
				CLANG_WARN__DUPLICATE_METHOD_MATCH = YES;
				"CODE_SIGN_IDENTITY[sdk=iphoneos*]" = "iPhone Developer";
				COPY_PHASE_STRIP = NO;
				DEBUG_INFORMATION_FORMAT = dwarf;
				ENABLE_STRICT_OBJC_MSGSEND = YES;
				ENABLE_TESTABILITY = YES;
				GCC_C_LANGUAGE_STANDARD = gnu99;
				GCC_DYNAMIC_NO_PIC = NO;
				GCC_NO_COMMON_BLOCKS = YES;
				GCC_OPTIMIZATION_LEVEL = 0;
				GCC_PREPROCESSOR_DEFINITIONS = (
					"DEBUG=1",
					"$(inherited)",
				);
				GCC_WARN_64_TO_32_BIT_CONVERSION = YES;
				GCC_WARN_ABOUT_RETURN_TYPE = YES_ERROR;
				GCC_WARN_UNDECLARED_SELECTOR = YES;
				GCC_WARN_UNINITIALIZED_AUTOS = YES_AGGRESSIVE;
				GCC_WARN_UNUSED_FUNCTION = YES;
				GCC_WARN_UNUSED_VARIABLE = YES;
				IPHONEOS_DEPLOYMENT_TARGET = 11.2;
				MTL_ENABLE_DEBUG_INFO = YES;
				ONLY_ACTIVE_ARCH = YES;
				SDKROOT = iphoneos;
				SWIFT_ACTIVE_COMPILATION_CONDITIONS = DEBUG;
				SWIFT_OPTIMIZATION_LEVEL = "-Onone";
			};
			name = Debug;
		};
		1B7CE6611EC23EB0002DDAE0 /* Release */ = {
			isa = XCBuildConfiguration;
			buildSettings = {
				ALWAYS_SEARCH_USER_PATHS = NO;
				CLANG_ANALYZER_NONNULL = YES;
				CLANG_ANALYZER_NUMBER_OBJECT_CONVERSION = YES_AGGRESSIVE;
				CLANG_CXX_LANGUAGE_STANDARD = "gnu++0x";
				CLANG_CXX_LIBRARY = "libc++";
				CLANG_ENABLE_MODULES = YES;
				CLANG_ENABLE_OBJC_ARC = YES;
				CLANG_WARN_BLOCK_CAPTURE_AUTORELEASING = YES;
				CLANG_WARN_BOOL_CONVERSION = YES;
				CLANG_WARN_COMMA = YES;
				CLANG_WARN_CONSTANT_CONVERSION = YES;
				CLANG_WARN_DIRECT_OBJC_ISA_USAGE = YES_ERROR;
				CLANG_WARN_DOCUMENTATION_COMMENTS = YES;
				CLANG_WARN_EMPTY_BODY = YES;
				CLANG_WARN_ENUM_CONVERSION = YES;
				CLANG_WARN_INFINITE_RECURSION = YES;
				CLANG_WARN_INT_CONVERSION = YES;
				CLANG_WARN_NON_LITERAL_NULL_CONVERSION = YES;
				CLANG_WARN_OBJC_LITERAL_CONVERSION = YES;
				CLANG_WARN_OBJC_ROOT_CLASS = YES_ERROR;
				CLANG_WARN_RANGE_LOOP_ANALYSIS = YES;
				CLANG_WARN_STRICT_PROTOTYPES = YES;
				CLANG_WARN_SUSPICIOUS_MOVE = YES;
				CLANG_WARN_UNREACHABLE_CODE = YES;
				CLANG_WARN__DUPLICATE_METHOD_MATCH = YES;
				"CODE_SIGN_IDENTITY[sdk=iphoneos*]" = "iPhone Developer";
				COPY_PHASE_STRIP = NO;
				DEBUG_INFORMATION_FORMAT = "dwarf-with-dsym";
				ENABLE_NS_ASSERTIONS = NO;
				ENABLE_STRICT_OBJC_MSGSEND = YES;
				GCC_C_LANGUAGE_STANDARD = gnu99;
				GCC_NO_COMMON_BLOCKS = YES;
				GCC_WARN_64_TO_32_BIT_CONVERSION = YES;
				GCC_WARN_ABOUT_RETURN_TYPE = YES_ERROR;
				GCC_WARN_UNDECLARED_SELECTOR = YES;
				GCC_WARN_UNINITIALIZED_AUTOS = YES_AGGRESSIVE;
				GCC_WARN_UNUSED_FUNCTION = YES;
				GCC_WARN_UNUSED_VARIABLE = YES;
				IPHONEOS_DEPLOYMENT_TARGET = 11.2;
				MTL_ENABLE_DEBUG_INFO = NO;
				SDKROOT = iphoneos;
				SWIFT_OPTIMIZATION_LEVEL = "-Owholemodule";
				VALIDATE_PRODUCT = YES;
			};
			name = Release;
		};
		1B7CE6631EC23EB0002DDAE0 /* Debug */ = {
			isa = XCBuildConfiguration;
			buildSettings = {
				ASSETCATALOG_COMPILER_APPICON_NAME = AppIcon;
				DEVELOPMENT_TEAM = F65NY3FY34;
				INFOPLIST_FILE = Project36/Info.plist;
				LD_RUNPATH_SEARCH_PATHS = "$(inherited) @executable_path/Frameworks";
				PRODUCT_BUNDLE_IDENTIFIER = com.roselloryan.Project36;
				PRODUCT_NAME = "$(TARGET_NAME)";
				SWIFT_VERSION = 4.0;
			};
			name = Debug;
		};
		1B7CE6641EC23EB0002DDAE0 /* Release */ = {
			isa = XCBuildConfiguration;
			buildSettings = {
				ASSETCATALOG_COMPILER_APPICON_NAME = AppIcon;
				DEVELOPMENT_TEAM = F65NY3FY34;
				INFOPLIST_FILE = Project36/Info.plist;
				LD_RUNPATH_SEARCH_PATHS = "$(inherited) @executable_path/Frameworks";
				PRODUCT_BUNDLE_IDENTIFIER = com.roselloryan.Project36;
				PRODUCT_NAME = "$(TARGET_NAME)";
				SWIFT_VERSION = 4.0;
			};
			name = Release;
		};
/* End XCBuildConfiguration section */

/* Begin XCConfigurationList section */
		1B7CE6451EC23EB0002DDAE0 /* Build configuration list for PBXProject "Project36" */ = {
			isa = XCConfigurationList;
			buildConfigurations = (
				1B7CE6601EC23EB0002DDAE0 /* Debug */,
				1B7CE6611EC23EB0002DDAE0 /* Release */,
			);
			defaultConfigurationIsVisible = 0;
			defaultConfigurationName = Release;
		};
		1B7CE6621EC23EB0002DDAE0 /* Build configuration list for PBXNativeTarget "Project36" */ = {
			isa = XCConfigurationList;
			buildConfigurations = (
				1B7CE6631EC23EB0002DDAE0 /* Debug */,
				1B7CE6641EC23EB0002DDAE0 /* Release */,
			);
			defaultConfigurationIsVisible = 0;
			defaultConfigurationName = Release;
		};
/* End XCConfigurationList section */
	};
	rootObject = 1B7CE6421EC23EB0002DDAE0 /* Project object */;
}
